Microsoft Visual Studio Solution File, Format Version 12.00
# Visual Studio Version 17
VisualStudioVersion = 17.5.2.0
MinimumVisualStudioVersion = 10.0.40219.1
Project("{FAE04EC0-301F-11D3-BF4B-00C04F79EFBC}") = "YearbookProject", "YearbookProject\YearbookProject.csproj", "{CEA82A75-2FA7-10D9-9316-07E0E328C503}"
EndProject
Global
	GlobalSection(SolutionConfigurationPlatforms) = preSolution
		Debug|Any CPU = Debug|Any CPU
		Release|Any CPU = Release|Any CPU
	EndGlobalSection
	GlobalSection(ProjectConfigurationPlatforms) = postSolution
		{CEA82A75-2FA7-10D9-9316-07E0E328C503}.Debug|Any CPU.ActiveCfg = Debug|Any CPU
		{CEA82A75-2FA7-10D9-9316-07E0E328C503}.Debug|Any CPU.Build.0 = Debug|Any CPU
		{CEA82A75-2FA7-10D9-9316-07E0E328C503}.Release|Any CPU.ActiveCfg = Release|Any CPU
		{CEA82A75-2FA7-10D9-9316-07E0E328C503}.Release|Any CPU.Build.0 = Release|Any CPU
	EndGlobalSection
	GlobalSection(SolutionProperties) = preSolution
		HideSolutionNode = FALSE
	EndGlobalSection
	GlobalSection(ExtensibilityGlobals) = postSolution
		SolutionGuid = {ECA3F9F6-DFA8-4850-BDB8-AF546F419A8D}
	EndGlobalSection
EndGlobal
